
Microsoft Visual Studio Solution File, Format Version 12.00
# Visual Studio Version 17
VisualStudioVersion = 17.14.36109.1 d17.14
MinimumVisualStudioVersion = 10.0.40219.1
Project("{FAE04EC0-301F-11D3-BF4B-00C04F79EFBC}") = "MOM", "App\MOM.csproj", "{8141A8ED-31FE-4642-B081-0BEABB8378AD}"
EndProject
Global
	GlobalSection(SolutionConfigurationPlatforms) = preSolution
		Debug|Any CPU = Debug|Any CPU
		Release|Any CPU = Release|Any CPU
	EndGlobalSection
	GlobalSection(ProjectConfigurationPlatforms) = postSolution
		{8141A8ED-31FE-4642-B081-0BEABB8378AD}.Debug|Any CPU.ActiveCfg = Debug|Any CPU
		{8141A8ED-31FE-4642-B081-0BEABB8378AD}.Debug|Any CPU.Build.0 = Debug|Any CPU
		{8141A8ED-31FE-4642-B081-0BEABB8378AD}.Release|Any CPU.ActiveCfg = Release|Any CPU
		{8141A8ED-31FE-4642-B081-0BEABB8378AD}.Release|Any CPU.Build.0 = Release|Any CPU
	EndGlobalSection
	GlobalSection(SolutionProperties) = preSolution
		HideSolutionNode = FALSE
	EndGlobalSection
	GlobalSection(ExtensibilityGlobals) = postSolution
		SolutionGuid = {3746D023-8E02-4A9C-AFD0-28AF913C1213}
	EndGlobalSection
EndGlobal
